
Microsoft Visual Studio Solution File, Format Version 12.00
# Visual Studio Version 16
VisualStudioVersion = 16.0.32630.194
MinimumVisualStudioVersion = 10.0.40219.1
Project("{FAE04EC0-301F-11D3-BF4B-00C04F79EFBC}") = "Baselab1", "Baselab1\Baselab1.csproj", "{53C9AB5F-3BFC-4D81-8294-3D943AD0B52C}"
EndProject
Global
	GlobalSection(SolutionConfigurationPlatforms) = preSolution
		Debug|Any CPU = Debug|Any CPU
		Release|Any CPU = Release|Any CPU
	EndGlobalSection
	GlobalSection(ProjectConfigurationPlatforms) = postSolution
		{53C9AB5F-3BFC-4D81-8294-3D943AD0B52C}.Debug|Any CPU.ActiveCfg = Debug|Any CPU
		{53C9AB5F-3BFC-4D81-8294-3D943AD0B52C}.Debug|Any CPU.Build.0 = Debug|Any CPU
		{53C9AB5F-3BFC-4D81-8294-3D943AD0B52C}.Release|Any CPU.ActiveCfg = Release|Any CPU
		{53C9AB5F-3BFC-4D81-8294-3D943AD0B52C}.Release|Any CPU.Build.0 = Release|Any CPU
	EndGlobalSection
	GlobalSection(SolutionProperties) = preSolution
		HideSolutionNode = FALSE
	EndGlobalSection
	GlobalSection(ExtensibilityGlobals) = postSolution
		SolutionGuid = {1DA137BB-3054-4F1F-9D32-438297DA395F}
	EndGlobalSection
EndGlobal
